// !$*UTF8*$!
{
	archiveVersion = 1;
	classes = {
	};
	objectVersion = 46;
	objects = {

/* Begin PBXFileReference section */
		4ADAA79E1DAD478C00B51C20 /* _build */ = {isa = PBXFileReference; lastKnownFileType = folder; path = _build; sourceTree = "<group>"; };
		4ADAA79F1DAD478C00B51C20 /* _static */ = {isa = PBXFileReference; lastKnownFileType = folder; path = _static; sourceTree = "<group>"; };
		4ADAA7A01DAD478C00B51C20 /* _templates */ = {isa = PBXFileReference; lastKnownFileType = folder; path = _templates; sourceTree = "<group>"; };
		4ADAA7A11DAD478C00B51C20 /* conf.py */ = {isa = PBXFileReference; lastKnownFileType = text.script.python; path = conf.py; sourceTree = "<group>"; };
		4ADAA7A21DAD478C00B51C20 /* index.rst */ = {isa = PBXFileReference; lastKnownFileType = text; path = index.rst; sourceTree = "<group>"; };
		4ADAA7A41DAD478C00B51C20 /* Makefile */ = {isa = PBXFileReference; lastKnownFileType = sourcecode.make; path = Makefile; sourceTree = "<group>"; };
/* End PBXFileReference section */

/* Begin PBXGroup section */
		4ADAA7981DAD478C00B51C20 = {
			isa = PBXGroup;
			children = (
				4ADAA79E1DAD478C00B51C20 /* _build */,
				4ADAA79F1DAD478C00B51C20 /* _static */,
				4ADAA7A01DAD478C00B51C20 /* _templates */,
				4ADAA7A11DAD478C00B51C20 /* conf.py */,
				4ADAA7A21DAD478C00B51C20 /* index.rst */,
				4ADAA7A41DAD478C00B51C20 /* Makefile */,
			);
			sourceTree = "<group>";
		};
/* End PBXGroup section */

/* Begin PBXLegacyTarget section */
		4ADAA79D1DAD478C00B51C20 /* docs */ = {
			isa = PBXLegacyTarget;
			buildArgumentsString = "$(ACTION)";
			buildConfigurationList = 4ADAA7A51DAD478C00B51C20 /* Build configuration list for PBXLegacyTarget "docs" */;
			buildPhases = (
			);
			buildToolPath = /usr/bin/make;
			buildWorkingDirectory = /Users/hkaya/Dropbox/postdoc/src/xcode/msm4g/docs;
			dependencies = (
			);
			name = docs;
			passBuildSettingsInEnvironment = 1;
			productName = docs;
		};
/* End PBXLegacyTarget section */

/* Begin PBXProject section */
		4ADAA7991DAD478C00B51C20 /* Project object */ = {
			isa = PBXProject;
			attributes = {
			};
			buildConfigurationList = 4ADAA79C1DAD478C00B51C20 /* Build configuration list for PBXProject "docs" */;
			compatibilityVersion = "Xcode 3.2";
			developmentRegion = English;
			hasScannedForEncodings = 0;
			knownRegions = (
				en,
			);
			mainGroup = 4ADAA7981DAD478C00B51C20;
			projectDirPath = "";
			projectRoot = "";
			targets = (
				4ADAA79D1DAD478C00B51C20 /* docs */,
			);
		};
/* End PBXProject section */

/* Begin XCBuildConfiguration section */
		4ADAA79A1DAD478C00B51C20 /* Debug */ = {
			isa = XCBuildConfiguration;
			buildSettings = {
				ARCHS = "$(ARCHS_STANDARD_32_BIT)";
				COPY_PHASE_STRIP = NO;
				GCC_WARN_ABOUT_RETURN_TYPE = YES;
				GCC_WARN_UNUSED_VARIABLE = YES;
				ONLY_ACTIVE_ARCH = YES;
				SDKROOT = macosx10.6;
			};
			name = Debug;
		};
		4ADAA79B1DAD478C00B51C20 /* Release */ = {
			isa = XCBuildConfiguration;
			buildSettings = {
				ARCHS = "$(ARCHS_STANDARD_32_BIT)";
				COPY_PHASE_STRIP = YES;
				GCC_WARN_ABOUT_RETURN_TYPE = YES;
				GCC_WARN_UNUSED_VARIABLE = YES;
				SDKROOT = macosx10.6;
			};
			name = Release;
		};
		4ADAA7A61DAD478C00B51C20 /* Debug */ = {
			isa = XCBuildConfiguration;
			buildSettings = {
				COPY_PHASE_STRIP = NO;
				DEBUGGING_SYMBOLS = YES;
				GCC_DYNAMIC_NO_PIC = NO;
				GCC_ENABLE_FIX_AND_CONTINUE = YES;
				GCC_GENERATE_DEBUGGING_SYMBOLS = YES;
				GCC_OPTIMIZATION_LEVEL = 0;
				OTHER_CFLAGS = "";
				OTHER_LDFLAGS = "";
				PRODUCT_NAME = docs;
			};
			name = Debug;
		};
		4ADAA7A71DAD478C00B51C20 /* Release */ = {
			isa = XCBuildConfiguration;
			buildSettings = {
				COPY_PHASE_STRIP = YES;
				DEBUG_INFORMATION_FORMAT = "dwarf-with-dsym";
				GCC_ENABLE_FIX_AND_CONTINUE = NO;
				OTHER_CFLAGS = "";
				OTHER_LDFLAGS = "";
				PRODUCT_NAME = docs;
			};
			name = Release;
		};
/* End XCBuildConfiguration section */

/* Begin XCConfigurationList section */
		4ADAA79C1DAD478C00B51C20 /* Build configuration list for PBXProject "docs" */ = {
			isa = XCConfigurationList;
			buildConfigurations = (
				4ADAA79A1DAD478C00B51C20 /* Debug */,
				4ADAA79B1DAD478C00B51C20 /* Release */,
			);
			defaultConfigurationIsVisible = 0;
			defaultConfigurationName = Release;
		};
		4ADAA7A51DAD478C00B51C20 /* Build configuration list for PBXLegacyTarget "docs" */ = {
			isa = XCConfigurationList;
			buildConfigurations = (
				4ADAA7A61DAD478C00B51C20 /* Debug */,
				4ADAA7A71DAD478C00B51C20 /* Release */,
			);
			defaultConfigurationIsVisible = 0;
			defaultConfigurationName = Release;
		};
/* End XCConfigurationList section */
	};
	rootObject = 4ADAA7991DAD478C00B51C20 /* Project object */;
}
